# Run ./gradlew writeVersionsLocks to regenerate this file. Blank lines are to minimize merge conflicts.



[Test dependencies]

com.google.auto:auto-common:1.2.2 (1 constraints: 181210fb)

com.google.auto.value:auto-value-annotations:1.11.0 (2 constraints: d01cd319)

com.google.code.findbugs:jsr305:3.0.2 (1 constraints: 0705fc35)

com.google.errorprone:error_prone_annotations:2.41.0 (2 constraints: d71410cc)

com.google.guava:failureaccess:1.0.3 (1 constraints: 160ae3b4)

com.google.guava:guava:33.5.0-jre (5 constraints: 8f41fc0c)

com.google.guava:listenablefuture:9999.0-empty-to-avoid-conflict-with-guava (1 constraints: bd17c918)

com.google.j2objc:j2objc-annotations:3.1 (1 constraints: b809f1a0)

com.google.jimfs:jimfs:1.3.1 (1 constraints: 0705fa35)

com.google.testing.compile:compile-testing:0.23.0 (1 constraints: 3705303b)

com.google.truth:truth:1.4.5 (1 constraints: 1d1219fb)

junit:junit:4.13.2 (4 constraints: c8327933)

net.bytebuddy:byte-buddy:1.18.3 (2 constraints: 9c16b43e)

net.bytebuddy:byte-buddy-agent:1.17.7 (1 constraints: 4a0b4ede)

org.apiguardian:apiguardian-api:1.1.2 (7 constraints: cc761de9)

org.assertj:assertj-core:3.27.7 (1 constraints: 4505553b)

org.eclipse.jdt.core.compiler:ecj:4.6.1 (1 constraints: 0d051236)

org.hamcrest:hamcrest-core:1.3 (1 constraints: cc05fe3f)

org.jspecify:jspecify:1.0.0 (10 constraints: 349d0b11)

org.junit.jupiter:junit-jupiter:6.0.3 (1 constraints: 4a070d70)

org.junit.jupiter:junit-jupiter-api:6.0.3 (4 constraints: 6e3468b3)

org.junit.jupiter:junit-jupiter-engine:6.0.3 (1 constraints: 060ecd3b)

org.junit.jupiter:junit-jupiter-params:6.0.3 (1 constraints: 060ecd3b)

org.junit.platform:junit-platform-commons:6.0.3 (2 constraints: d920ad4a)

org.junit.platform:junit-platform-engine:6.0.3 (3 constraints: 6f33fa22)

org.junit.platform:junit-platform-launcher:6.0.3 (1 constraints: 0b050c36)

org.junit.vintage:junit-vintage-engine:6.0.3 (1 constraints: 0b050c36)

org.mockito:mockito-core:5.21.0 (1 constraints: 3a05483b)

org.objenesis:objenesis:3.3 (1 constraints: b20a14bd)

org.opentest4j:opentest4j:1.3.0 (2 constraints: cf209249)

org.ow2.asm:asm:9.8 (1 constraints: 0b0aaea4)
